
Microsoft Visual Studio Solution File, Format Version 12.00
# Visual Studio Version 17
VisualStudioVersion = 17.4.33403.182
MinimumVisualStudioVersion = 10.0.40219.1
Project("{FAE04EC0-301F-11D3-BF4B-00C04F79EFBC}") = "HepsiburadaChallenge", "HepsiburadaChallenge\HepsiburadaChallenge.csproj", "{36830EC5-DF6E-4859-B47A-BAC0CD6BD056}"
EndProject
Global
	GlobalSection(SolutionConfigurationPlatforms) = preSolution
		Debug|Any CPU = Debug|Any CPU
		Release|Any CPU = Release|Any CPU
	EndGlobalSection
	GlobalSection(ProjectConfigurationPlatforms) = postSolution
		{36830EC5-DF6E-4859-B47A-BAC0CD6BD056}.Debug|Any CPU.ActiveCfg = Debug|Any CPU
		{36830EC5-DF6E-4859-B47A-BAC0CD6BD056}.Debug|Any CPU.Build.0 = Debug|Any CPU
		{36830EC5-DF6E-4859-B47A-BAC0CD6BD056}.Release|Any CPU.ActiveCfg = Release|Any CPU
		{36830EC5-DF6E-4859-B47A-BAC0CD6BD056}.Release|Any CPU.Build.0 = Release|Any CPU
	EndGlobalSection
	GlobalSection(SolutionProperties) = preSolution
		HideSolutionNode = FALSE
	EndGlobalSection
	GlobalSection(ExtensibilityGlobals) = postSolution
		SolutionGuid = {E536A7B6-EDA0-478F-8F83-38607FC89126}
	EndGlobalSection
EndGlobal
